
Microsoft Visual Studio Solution File, Format Version 12.00
# Visual Studio 15
VisualStudioVersion = 15.0.27130.2024
MinimumVisualStudioVersion = 10.0.40219.1
Project("{FAE04EC0-301F-11D3-BF4B-00C04F79EFBC}") = "VoiceRecognition", "VoiceRecognition\VoiceRecognition.csproj", "{A75000F0-0601-4F16-A1B2-D7FB534DC44B}"
EndProject
Global
	GlobalSection(SolutionConfigurationPlatforms) = preSolution
		Debug|Any CPU = Debug|Any CPU
		Release|Any CPU = Release|Any CPU
	EndGlobalSection
	GlobalSection(ProjectConfigurationPlatforms) = postSolution
		{A75000F0-0601-4F16-A1B2-D7FB534DC44B}.Debug|Any CPU.ActiveCfg = Debug|Any CPU
		{A75000F0-0601-4F16-A1B2-D7FB534DC44B}.Debug|Any CPU.Build.0 = Debug|Any CPU
		{A75000F0-0601-4F16-A1B2-D7FB534DC44B}.Release|Any CPU.ActiveCfg = Release|Any CPU
		{A75000F0-0601-4F16-A1B2-D7FB534DC44B}.Release|Any CPU.Build.0 = Release|Any CPU
	EndGlobalSection
	GlobalSection(SolutionProperties) = preSolution
		HideSolutionNode = FALSE
	EndGlobalSection
	GlobalSection(ExtensibilityGlobals) = postSolution
		SolutionGuid = {F4ED0358-81F7-4BF6-A761-F65CDA6BC694}
	EndGlobalSection
EndGlobal
